
Microsoft Visual Studio Solution File, Format Version 12.00
# Visual Studio 2013
VisualStudioVersion = 12.0.30501.0
MinimumVisualStudioVersion = 10.0.40219.1
Project("{FAE04EC0-301F-11D3-BF4B-00C04F79EFBC}") = "gk3d", "gk3d\gk3d\gk3d.csproj", "{62774C88-F8DC-4ADD-AD1A-A03D247BDE8E}"
EndProject
Project("{96E2B04D-8817-42C6-938A-82C39BA4D311}") = "gk3dContent", "gk3d\gk3dContent\gk3dContent.contentproj", "{FF78F17B-D787-46AB-A8D0-43C4AD2C4CCE}"
EndProject
Global
	GlobalSection(SolutionConfigurationPlatforms) = preSolution
		Debug|x86 = Debug|x86
		Release|x86 = Release|x86
	EndGlobalSection
	GlobalSection(ProjectConfigurationPlatforms) = postSolution
		{62774C88-F8DC-4ADD-AD1A-A03D247BDE8E}.Debug|x86.ActiveCfg = Debug|x86
		{62774C88-F8DC-4ADD-AD1A-A03D247BDE8E}.Debug|x86.Build.0 = Debug|x86
		{62774C88-F8DC-4ADD-AD1A-A03D247BDE8E}.Release|x86.ActiveCfg = Release|x86
		{62774C88-F8DC-4ADD-AD1A-A03D247BDE8E}.Release|x86.Build.0 = Release|x86
		{FF78F17B-D787-46AB-A8D0-43C4AD2C4CCE}.Debug|x86.ActiveCfg = Debug|x86
		{FF78F17B-D787-46AB-A8D0-43C4AD2C4CCE}.Release|x86.ActiveCfg = Release|x86
	EndGlobalSection
	GlobalSection(SolutionProperties) = preSolution
		HideSolutionNode = FALSE
	EndGlobalSection
EndGlobal
